// !$*UTF8*$!
{
	archiveVersion = 1;
	classes = {
	};
	objectVersion = 56;
	objects = {

/* Begin PBXBuildFile section */
		DD56D0192AAA1AE100854F58 /* SF-Pro-Display-Regular.otf in Resources */ = {isa = PBXBuildFile; fileRef = DD56D0182AAA1AE100854F58 /* SF-Pro-Display-Regular.otf */; };
		DD56D01D2AAA589500854F58 /* Detailed.swift in Sources */ = {isa = PBXBuildFile; fileRef = DD56D01C2AAA589500854F58 /* Detailed.swift */; };
		DD79F0E62AAB7600003B03F5 /* BackgroundElement.swift in Sources */ = {isa = PBXBuildFile; fileRef = DD79F0E52AAB7600003B03F5 /* BackgroundElement.swift */; };
		DD79F0E82AAB78B1003B03F5 /* BookingViewModel.swift in Sources */ = {isa = PBXBuildFile; fileRef = DD79F0E72AAB78B1003B03F5 /* BookingViewModel.swift */; };
		DD79F0EA2AAB7ADF003B03F5 /* BasicInformation.swift in Sources */ = {isa = PBXBuildFile; fileRef = DD79F0E92AAB7ADF003B03F5 /* BasicInformation.swift */; };
		DD79F0EC2AAB7B6A003B03F5 /* BasicInformationViewModel.swift in Sources */ = {isa = PBXBuildFile; fileRef = DD79F0EB2AAB7B6A003B03F5 /* BasicInformationViewModel.swift */; };
		DDC6E06C2AA851F400EF19ED /* HotelDemoApp.swift in Sources */ = {isa = PBXBuildFile; fileRef = DDC6E06B2AA851F400EF19ED /* HotelDemoApp.swift */; };
		DDC6E0702AA851F600EF19ED /* Assets.xcassets in Resources */ = {isa = PBXBuildFile; fileRef = DDC6E06F2AA851F600EF19ED /* Assets.xcassets */; };
		DDC6E0732AA851F600EF19ED /* Preview Assets.xcassets in Resources */ = {isa = PBXBuildFile; fileRef = DDC6E0722AA851F600EF19ED /* Preview Assets.xcassets */; };
		DDC6E07E2AA866C800EF19ED /* Coordinator.swift in Sources */ = {isa = PBXBuildFile; fileRef = DDC6E07D2AA866C800EF19ED /* Coordinator.swift */; };
		DDC6E0802AA8674000EF19ED /* MyPage.swift in Sources */ = {isa = PBXBuildFile; fileRef = DDC6E07F2AA8674000EF19ED /* MyPage.swift */; };
		DDC6E0822AA869B900EF19ED /* HotelView.swift in Sources */ = {isa = PBXBuildFile; fileRef = DDC6E0812AA869B900EF19ED /* HotelView.swift */; };
		DDC6E0842AA86A0F00EF19ED /* MainView.swift in Sources */ = {isa = PBXBuildFile; fileRef = DDC6E0832AA86A0F00EF19ED /* MainView.swift */; };
		DDC6E0862AA86C2900EF19ED /* HotelRoomView.swift in Sources */ = {isa = PBXBuildFile; fileRef = DDC6E0852AA86C2900EF19ED /* HotelRoomView.swift */; };
		DDC6E0882AA86C4600EF19ED /* BookingView.swift in Sources */ = {isa = PBXBuildFile; fileRef = DDC6E0872AA86C4600EF19ED /* BookingView.swift */; };
		DDC6E08A2AA86CAD00EF19ED /* PaidView.swift in Sources */ = {isa = PBXBuildFile; fileRef = DDC6E0892AA86CAD00EF19ED /* PaidView.swift */; };
		DDC6E0942AA9AD4D00EF19ED /* View+buttonBack.swift in Sources */ = {isa = PBXBuildFile; fileRef = DDC6E0932AA9AD4D00EF19ED /* View+buttonBack.swift */; };
		DDC6E0962AA9B30D00EF19ED /* ActivityIndicator.swift in Sources */ = {isa = PBXBuildFile; fileRef = DDC6E0952AA9B30D00EF19ED /* ActivityIndicator.swift */; };
		DDC6E09A2AA9B36D00EF19ED /* ActivityIndicatorViewModel.swift in Sources */ = {isa = PBXBuildFile; fileRef = DDC6E0992AA9B36D00EF19ED /* ActivityIndicatorViewModel.swift */; };
		DDC6E09C2AA9B40100EF19ED /* HotelViewModel.swift in Sources */ = {isa = PBXBuildFile; fileRef = DDC6E09B2AA9B40100EF19ED /* HotelViewModel.swift */; };
		DDC6E0A02AA9B6E200EF19ED /* NetworkError.swift in Sources */ = {isa = PBXBuildFile; fileRef = DDC6E09F2AA9B6E200EF19ED /* NetworkError.swift */; };
		DDC6E0A22AA9B79800EF19ED /* NetworkServiceAA.swift in Sources */ = {isa = PBXBuildFile; fileRef = DDC6E0A12AA9B79800EF19ED /* NetworkServiceAA.swift */; };
		DDC6E0A42AA9B83600EF19ED /* URLManager.swift in Sources */ = {isa = PBXBuildFile; fileRef = DDC6E0A32AA9B83600EF19ED /* URLManager.swift */; };
		DDC6E0A72AA9B9AB00EF19ED /* Hotel.swift in Sources */ = {isa = PBXBuildFile; fileRef = DDC6E0A62AA9B9AB00EF19ED /* Hotel.swift */; };
		DDF8190C2AAB0EC200F1CD2D /* TagList.swift in Sources */ = {isa = PBXBuildFile; fileRef = DDF8190B2AAB0EC200F1CD2D /* TagList.swift */; };
		DDF8190E2AAB118900F1CD2D /* TagCell.swift in Sources */ = {isa = PBXBuildFile; fileRef = DDF8190D2AAB118900F1CD2D /* TagCell.swift */; };
		DDF819102AAB125C00F1CD2D /* String+widthOfString.swift in Sources */ = {isa = PBXBuildFile; fileRef = DDF8190F2AAB125C00F1CD2D /* String+widthOfString.swift */; };
		DDF819122AAB2F7100F1CD2D /* TagListViewModel.swift in Sources */ = {isa = PBXBuildFile; fileRef = DDF819112AAB2F7100F1CD2D /* TagListViewModel.swift */; };
		DDF819142AAB38AA00F1CD2D /* TagCellViewModel.swift in Sources */ = {isa = PBXBuildFile; fileRef = DDF819132AAB38AA00F1CD2D /* TagCellViewModel.swift */; };
		DDF819162AAB3B7400F1CD2D /* ImageCharacter.swift in Sources */ = {isa = PBXBuildFile; fileRef = DDF819152AAB3B7400F1CD2D /* ImageCharacter.swift */; };
		DDF819182AAB3C2200F1CD2D /* ImageCharacterViewModel.swift in Sources */ = {isa = PBXBuildFile; fileRef = DDF819172AAB3C2200F1CD2D /* ImageCharacterViewModel.swift */; };
		DDF8191A2AAB444E00F1CD2D /* SF-Pro-Display-Semibold.otf in Resources */ = {isa = PBXBuildFile; fileRef = DDF819192AAB444D00F1CD2D /* SF-Pro-Display-Semibold.otf */; };
		DDF8191D2AAB454C00F1CD2D /* SF-Pro-Display-Medium.otf in Resources */ = {isa = PBXBuildFile; fileRef = DDF8191C2AAB454C00F1CD2D /* SF-Pro-Display-Medium.otf */; };
		DDF8191F2AAB4A6500F1CD2D /* Room.swift in Sources */ = {isa = PBXBuildFile; fileRef = DDF8191E2AAB4A6500F1CD2D /* Room.swift */; };
		DDF819212AAB4BA900F1CD2D /* HotelRoomViewModel.swift in Sources */ = {isa = PBXBuildFile; fileRef = DDF819202AAB4BA900F1CD2D /* HotelRoomViewModel.swift */; };
		DDF819232AAB574E00F1CD2D /* Rooms.swift in Sources */ = {isa = PBXBuildFile; fileRef = DDF819222AAB574E00F1CD2D /* Rooms.swift */; };
		DDF819252AAB5B6700F1CD2D /* HotelRoomCell.swift in Sources */ = {isa = PBXBuildFile; fileRef = DDF819242AAB5B6600F1CD2D /* HotelRoomCell.swift */; };
		DDF819272AAB5B7F00F1CD2D /* HotelRoomCellViewModel.swift in Sources */ = {isa = PBXBuildFile; fileRef = DDF819262AAB5B7F00F1CD2D /* HotelRoomCellViewModel.swift */; };
		DDF8192B2AAB686200F1CD2D /* ButtonGoTo.swift in Sources */ = {isa = PBXBuildFile; fileRef = DDF8192A2AAB686200F1CD2D /* ButtonGoTo.swift */; };
		DDF8192D2AAB696E00F1CD2D /* ButtonGoToViewModel.swift in Sources */ = {isa = PBXBuildFile; fileRef = DDF8192C2AAB696E00F1CD2D /* ButtonGoToViewModel.swift */; };
/* End PBXBuildFile section */

/* Begin PBXFileReference section */
		DD56D0142AAA04EC00854F58 /* Info.plist */ = {isa = PBXFileReference; lastKnownFileType = text.plist.xml; path = Info.plist; sourceTree = "<group>"; };
		DD56D0182AAA1AE100854F58 /* SF-Pro-Display-Regular.otf */ = {isa = PBXFileReference; lastKnownFileType = file; path = "SF-Pro-Display-Regular.otf"; sourceTree = "<group>"; };
		DD56D01C2AAA589500854F58 /* Detailed.swift */ = {isa = PBXFileReference; lastKnownFileType = sourcecode.swift; path = Detailed.swift; sourceTree = "<group>"; };
		DD79F0E52AAB7600003B03F5 /* BackgroundElement.swift */ = {isa = PBXFileReference; lastKnownFileType = sourcecode.swift; path = BackgroundElement.swift; sourceTree = "<group>"; };
		DD79F0E72AAB78B1003B03F5 /* BookingViewModel.swift */ = {isa = PBXFileReference; lastKnownFileType = sourcecode.swift; path = BookingViewModel.swift; sourceTree = "<group>"; };
		DD79F0E92AAB7ADF003B03F5 /* BasicInformation.swift */ = {isa = PBXFileReference; lastKnownFileType = sourcecode.swift; path = BasicInformation.swift; sourceTree = "<group>"; };
		DD79F0EB2AAB7B6A003B03F5 /* BasicInformationViewModel.swift */ = {isa = PBXFileReference; lastKnownFileType = sourcecode.swift; path = BasicInformationViewModel.swift; sourceTree = "<group>"; };
		DDC6E0682AA851F400EF19ED /* HotelDemo.app */ = {isa = PBXFileReference; explicitFileType = wrapper.application; includeInIndex = 0; path = HotelDemo.app; sourceTree = BUILT_PRODUCTS_DIR; };
		DDC6E06B2AA851F400EF19ED /* HotelDemoApp.swift */ = {isa = PBXFileReference; lastKnownFileType = sourcecode.swift; path = HotelDemoApp.swift; sourceTree = "<group>"; };
		DDC6E06F2AA851F600EF19ED /* Assets.xcassets */ = {isa = PBXFileReference; lastKnownFileType = folder.assetcatalog; path = Assets.xcassets; sourceTree = "<group>"; };
		DDC6E0722AA851F600EF19ED /* Preview Assets.xcassets */ = {isa = PBXFileReference; lastKnownFileType = folder.assetcatalog; path = "Preview Assets.xcassets"; sourceTree = "<group>"; };
		DDC6E07D2AA866C800EF19ED /* Coordinator.swift */ = {isa = PBXFileReference; lastKnownFileType = sourcecode.swift; path = Coordinator.swift; sourceTree = "<group>"; };
		DDC6E07F2AA8674000EF19ED /* MyPage.swift */ = {isa = PBXFileReference; lastKnownFileType = sourcecode.swift; path = MyPage.swift; sourceTree = "<group>"; };
		DDC6E0812AA869B900EF19ED /* HotelView.swift */ = {isa = PBXFileReference; lastKnownFileType = sourcecode.swift; path = HotelView.swift; sourceTree = "<group>"; };
		DDC6E0832AA86A0F00EF19ED /* MainView.swift */ = {isa = PBXFileReference; lastKnownFileType = sourcecode.swift; path = MainView.swift; sourceTree = "<group>"; };
		DDC6E0852AA86C2900EF19ED /* HotelRoomView.swift */ = {isa = PBXFileReference; lastKnownFileType = sourcecode.swift; path = HotelRoomView.swift; sourceTree = "<group>"; };
		DDC6E0872AA86C4600EF19ED /* BookingView.swift */ = {isa = PBXFileReference; lastKnownFileType = sourcecode.swift; path = BookingView.swift; sourceTree = "<group>"; };
		DDC6E0892AA86CAD00EF19ED /* PaidView.swift */ = {isa = PBXFileReference; lastKnownFileType = sourcecode.swift; path = PaidView.swift; sourceTree = "<group>"; };
		DDC6E0932AA9AD4D00EF19ED /* View+buttonBack.swift */ = {isa = PBXFileReference; lastKnownFileType = sourcecode.swift; path = "View+buttonBack.swift"; sourceTree = "<group>"; };
		DDC6E0952AA9B30D00EF19ED /* ActivityIndicator.swift */ = {isa = PBXFileReference; lastKnownFileType = sourcecode.swift; path = ActivityIndicator.swift; sourceTree = "<group>"; };
		DDC6E0992AA9B36D00EF19ED /* ActivityIndicatorViewModel.swift */ = {isa = PBXFileReference; lastKnownFileType = sourcecode.swift; path = ActivityIndicatorViewModel.swift; sourceTree = "<group>"; };
		DDC6E09B2AA9B40100EF19ED /* HotelViewModel.swift */ = {isa = PBXFileReference; lastKnownFileType = sourcecode.swift; path = HotelViewModel.swift; sourceTree = "<group>"; };
		DDC6E09F2AA9B6E200EF19ED /* NetworkError.swift */ = {isa = PBXFileReference; lastKnownFileType = sourcecode.swift; path = NetworkError.swift; sourceTree = "<group>"; };
		DDC6E0A12AA9B79800EF19ED /* NetworkServiceAA.swift */ = {isa = PBXFileReference; lastKnownFileType = sourcecode.swift; path = NetworkServiceAA.swift; sourceTree = "<group>"; };
		DDC6E0A32AA9B83600EF19ED /* URLManager.swift */ = {isa = PBXFileReference; lastKnownFileType = sourcecode.swift; path = URLManager.swift; sourceTree = "<group>"; };
		DDC6E0A62AA9B9AB00EF19ED /* Hotel.swift */ = {isa = PBXFileReference; lastKnownFileType = sourcecode.swift; path = Hotel.swift; sourceTree = "<group>"; };
		DDF8190B2AAB0EC200F1CD2D /* TagList.swift */ = {isa = PBXFileReference; lastKnownFileType = sourcecode.swift; path = TagList.swift; sourceTree = "<group>"; };
		DDF8190D2AAB118900F1CD2D /* TagCell.swift */ = {isa = PBXFileReference; lastKnownFileType = sourcecode.swift; path = TagCell.swift; sourceTree = "<group>"; };
		DDF8190F2AAB125C00F1CD2D /* String+widthOfString.swift */ = {isa = PBXFileReference; lastKnownFileType = sourcecode.swift; path = "String+widthOfString.swift"; sourceTree = "<group>"; };
		DDF819112AAB2F7100F1CD2D /* TagListViewModel.swift */ = {isa = PBXFileReference; lastKnownFileType = sourcecode.swift; path = TagListViewModel.swift; sourceTree = "<group>"; };
		DDF819132AAB38AA00F1CD2D /* TagCellViewModel.swift */ = {isa = PBXFileReference; lastKnownFileType = sourcecode.swift; path = TagCellViewModel.swift; sourceTree = "<group>"; };
		DDF819152AAB3B7400F1CD2D /* ImageCharacter.swift */ = {isa = PBXFileReference; lastKnownFileType = sourcecode.swift; path = ImageCharacter.swift; sourceTree = "<group>"; };
		DDF819172AAB3C2200F1CD2D /* ImageCharacterViewModel.swift */ = {isa = PBXFileReference; lastKnownFileType = sourcecode.swift; path = ImageCharacterViewModel.swift; sourceTree = "<group>"; };
		DDF819192AAB444D00F1CD2D /* SF-Pro-Display-Semibold.otf */ = {isa = PBXFileReference; lastKnownFileType = file; path = "SF-Pro-Display-Semibold.otf"; sourceTree = "<group>"; };
		DDF8191C2AAB454C00F1CD2D /* SF-Pro-Display-Medium.otf */ = {isa = PBXFileReference; lastKnownFileType = file; path = "SF-Pro-Display-Medium.otf"; sourceTree = "<group>"; };
		DDF8191E2AAB4A6500F1CD2D /* Room.swift */ = {isa = PBXFileReference; lastKnownFileType = sourcecode.swift; path = Room.swift; sourceTree = "<group>"; };
		DDF819202AAB4BA900F1CD2D /* HotelRoomViewModel.swift */ = {isa = PBXFileReference; lastKnownFileType = sourcecode.swift; path = HotelRoomViewModel.swift; sourceTree = "<group>"; };
		DDF819222AAB574E00F1CD2D /* Rooms.swift */ = {isa = PBXFileReference; lastKnownFileType = sourcecode.swift; path = Rooms.swift; sourceTree = "<group>"; };
		DDF819242AAB5B6600F1CD2D /* HotelRoomCell.swift */ = {isa = PBXFileReference; lastKnownFileType = sourcecode.swift; path = HotelRoomCell.swift; sourceTree = "<group>"; };
		DDF819262AAB5B7F00F1CD2D /* HotelRoomCellViewModel.swift */ = {isa = PBXFileReference; lastKnownFileType = sourcecode.swift; path = HotelRoomCellViewModel.swift; sourceTree = "<group>"; };
		DDF8192A2AAB686200F1CD2D /* ButtonGoTo.swift */ = {isa = PBXFileReference; lastKnownFileType = sourcecode.swift; path = ButtonGoTo.swift; sourceTree = "<group>"; };
		DDF8192C2AAB696E00F1CD2D /* ButtonGoToViewModel.swift */ = {isa = PBXFileReference; lastKnownFileType = sourcecode.swift; path = ButtonGoToViewModel.swift; sourceTree = "<group>"; };
/* End PBXFileReference section */

/* Begin PBXFrameworksBuildPhase section */
		DDC6E0652AA851F400EF19ED /* Frameworks */ = {
			isa = PBXFrameworksBuildPhase;
			buildActionMask = 2147483647;
			files = (
			);
			runOnlyForDeploymentPostprocessing = 0;
		};
/* End PBXFrameworksBuildPhase section */

/* Begin PBXGroup section */
		DD56D0172AAA1ACE00854F58 /* Font */ = {
			isa = PBXGroup;
			children = (
				DDF8191C2AAB454C00F1CD2D /* SF-Pro-Display-Medium.otf */,
				DDF819192AAB444D00F1CD2D /* SF-Pro-Display-Semibold.otf */,
				DD56D0182AAA1AE100854F58 /* SF-Pro-Display-Regular.otf */,
			);
			path = Font;
			sourceTree = "<group>";
		};
		DD79F0E42AAB75C1003B03F5 /* Modifiers */ = {
			isa = PBXGroup;
			children = (
				DD79F0E52AAB7600003B03F5 /* BackgroundElement.swift */,
			);
			path = Modifiers;
			sourceTree = "<group>";
		};
		DDC6E05F2AA851F400EF19ED = {
			isa = PBXGroup;
			children = (
				DDC6E06A2AA851F400EF19ED /* HotelDemo */,
				DDC6E0692AA851F400EF19ED /* Products */,
			);
			sourceTree = "<group>";
		};
		DDC6E0692AA851F400EF19ED /* Products */ = {
			isa = PBXGroup;
			children = (
				DDC6E0682AA851F400EF19ED /* HotelDemo.app */,
			);
			name = Products;
			sourceTree = "<group>";
		};
		DDC6E06A2AA851F400EF19ED /* HotelDemo */ = {
			isa = PBXGroup;
			children = (
				DDC6E07A2AA8531800EF19ED /* Application */,
				DDC6E0922AA9AD2000EF19ED /* Core */,
				DDC6E0A52AA9B99800EF19ED /* Model */,
				DDC6E07B2AA8533F00EF19ED /* View */,
				DDC6E0972AA9B34300EF19ED /* ViewModel */,
				DDC6E07C2AA866B100EF19ED /* Coordinator */,
				DDC6E09D2AA9B6A400EF19ED /* Services */,
				DDC6E0792AA852F100EF19ED /* Supporting files */,
				DDC6E0712AA851F600EF19ED /* Preview Content */,
			);
			path = HotelDemo;
			sourceTree = "<group>";
		};
		DDC6E0712AA851F600EF19ED /* Preview Content */ = {
			isa = PBXGroup;
			children = (
				DDC6E0722AA851F600EF19ED /* Preview Assets.xcassets */,
			);
			path = "Preview Content";
			sourceTree = "<group>";
		};
		DDC6E0792AA852F100EF19ED /* Supporting files */ = {
			isa = PBXGroup;
			children = (
				DD56D0172AAA1ACE00854F58 /* Font */,
				DDC6E06F2AA851F600EF19ED /* Assets.xcassets */,
				DD56D0142AAA04EC00854F58 /* Info.plist */,
			);
			path = "Supporting files";
			sourceTree = "<group>";
		};
		DDC6E07A2AA8531800EF19ED /* Application */ = {
			isa = PBXGroup;
			children = (
				DDC6E06B2AA851F400EF19ED /* HotelDemoApp.swift */,
			);
			path = Application;
			sourceTree = "<group>";
		};
		DDC6E07B2AA8533F00EF19ED /* View */ = {
			isa = PBXGroup;
			children = (
				DDC6E0832AA86A0F00EF19ED /* MainView.swift */,
				DDC6E0812AA869B900EF19ED /* HotelView.swift */,
				DDC6E0852AA86C2900EF19ED /* HotelRoomView.swift */,
				DDC6E0872AA86C4600EF19ED /* BookingView.swift */,
				DDC6E0892AA86CAD00EF19ED /* PaidView.swift */,
				DDC6E08F2AA9A68B00EF19ED /* Components */,
				DD79F0E42AAB75C1003B03F5 /* Modifiers */,
			);
			path = View;
			sourceTree = "<group>";
		};
		DDC6E07C2AA866B100EF19ED /* Coordinator */ = {
			isa = PBXGroup;
			children = (
				DDC6E07D2AA866C800EF19ED /* Coordinator.swift */,
				DDC6E07F2AA8674000EF19ED /* MyPage.swift */,
			);
			path = Coordinator;
			sourceTree = "<group>";
		};
		DDC6E08F2AA9A68B00EF19ED /* Components */ = {
			isa = PBXGroup;
			children = (
				DDC6E0952AA9B30D00EF19ED /* ActivityIndicator.swift */,
				DDF819152AAB3B7400F1CD2D /* ImageCharacter.swift */,
				DDF8190B2AAB0EC200F1CD2D /* TagList.swift */,
				DDF8190D2AAB118900F1CD2D /* TagCell.swift */,
				DDF819242AAB5B6600F1CD2D /* HotelRoomCell.swift */,
				DDF8192A2AAB686200F1CD2D /* ButtonGoTo.swift */,
				DD79F0E92AAB7ADF003B03F5 /* BasicInformation.swift */,
			);
			path = Components;
			sourceTree = "<group>";
		};
		DDC6E0922AA9AD2000EF19ED /* Core */ = {
			isa = PBXGroup;
			children = (
				DDC6E0932AA9AD4D00EF19ED /* View+buttonBack.swift */,
				DDF8190F2AAB125C00F1CD2D /* String+widthOfString.swift */,
			);
			path = Core;
			sourceTree = "<group>";
		};
		DDC6E0972AA9B34300EF19ED /* ViewModel */ = {
			isa = PBXGroup;
			children = (
				DDC6E09B2AA9B40100EF19ED /* HotelViewModel.swift */,
				DDF819202AAB4BA900F1CD2D /* HotelRoomViewModel.swift */,
				DD79F0E72AAB78B1003B03F5 /* BookingViewModel.swift */,
				DDC6E0982AA9B35B00EF19ED /* Components */,
			);
			path = ViewModel;
			sourceTree = "<group>";
		};
		DDC6E0982AA9B35B00EF19ED /* Components */ = {
			isa = PBXGroup;
			children = (
				DDC6E0992AA9B36D00EF19ED /* ActivityIndicatorViewModel.swift */,
				DDF819172AAB3C2200F1CD2D /* ImageCharacterViewModel.swift */,
				DDF819112AAB2F7100F1CD2D /* TagListViewModel.swift */,
				DDF819132AAB38AA00F1CD2D /* TagCellViewModel.swift */,
				DDF819262AAB5B7F00F1CD2D /* HotelRoomCellViewModel.swift */,
				DDF8192C2AAB696E00F1CD2D /* ButtonGoToViewModel.swift */,
				DD79F0EB2AAB7B6A003B03F5 /* BasicInformationViewModel.swift */,
			);
			path = Components;
			sourceTree = "<group>";
		};
		DDC6E09D2AA9B6A400EF19ED /* Services */ = {
			isa = PBXGroup;
			children = (
				DDC6E09E2AA9B6C500EF19ED /* Network */,
			);
			path = Services;
			sourceTree = "<group>";
		};
		DDC6E09E2AA9B6C500EF19ED /* Network */ = {
			isa = PBXGroup;
			children = (
				DDC6E09F2AA9B6E200EF19ED /* NetworkError.swift */,
				DDC6E0A12AA9B79800EF19ED /* NetworkServiceAA.swift */,
				DDC6E0A32AA9B83600EF19ED /* URLManager.swift */,
			);
			path = Network;
			sourceTree = "<group>";
		};
		DDC6E0A52AA9B99800EF19ED /* Model */ = {
			isa = PBXGroup;
			children = (
				DDC6E0A62AA9B9AB00EF19ED /* Hotel.swift */,
				DD56D01C2AAA589500854F58 /* Detailed.swift */,
				DDF8191E2AAB4A6500F1CD2D /* Room.swift */,
				DDF819222AAB574E00F1CD2D /* Rooms.swift */,
			);
			path = Model;
			sourceTree = "<group>";
		};
/* End PBXGroup section */

/* Begin PBXNativeTarget section */
		DDC6E0672AA851F400EF19ED /* HotelDemo */ = {
			isa = PBXNativeTarget;
			buildConfigurationList = DDC6E0762AA851F600EF19ED /* Build configuration list for PBXNativeTarget "HotelDemo" */;
			buildPhases = (
				DDC6E0642AA851F400EF19ED /* Sources */,
				DDC6E0652AA851F400EF19ED /* Frameworks */,
				DDC6E0662AA851F400EF19ED /* Resources */,
			);
			buildRules = (
			);
			dependencies = (
			);
			name = HotelDemo;
			productName = HotelDemo;
			productReference = DDC6E0682AA851F400EF19ED /* HotelDemo.app */;
			productType = "com.apple.product-type.application";
		};
/* End PBXNativeTarget section */

/* Begin PBXProject section */
		DDC6E0602AA851F400EF19ED /* Project object */ = {
			isa = PBXProject;
			attributes = {
				BuildIndependentTargetsInParallel = 1;
				LastSwiftUpdateCheck = 1430;
				LastUpgradeCheck = 1430;
				TargetAttributes = {
					DDC6E0672AA851F400EF19ED = {
						CreatedOnToolsVersion = 14.3;
					};
				};
			};
			buildConfigurationList = DDC6E0632AA851F400EF19ED /* Build configuration list for PBXProject "HotelDemo" */;
			compatibilityVersion = "Xcode 14.0";
			developmentRegion = en;
			hasScannedForEncodings = 0;
			knownRegions = (
				en,
				Base,
			);
			mainGroup = DDC6E05F2AA851F400EF19ED;
			productRefGroup = DDC6E0692AA851F400EF19ED /* Products */;
			projectDirPath = "";
			projectRoot = "";
			targets = (
				DDC6E0672AA851F400EF19ED /* HotelDemo */,
			);
		};
/* End PBXProject section */

/* Begin PBXResourcesBuildPhase section */
		DDC6E0662AA851F400EF19ED /* Resources */ = {
			isa = PBXResourcesBuildPhase;
			buildActionMask = 2147483647;
			files = (
				DDF8191A2AAB444E00F1CD2D /* SF-Pro-Display-Semibold.otf in Resources */,
				DDC6E0732AA851F600EF19ED /* Preview Assets.xcassets in Resources */,
				DD56D0192AAA1AE100854F58 /* SF-Pro-Display-Regular.otf in Resources */,
				DDC6E0702AA851F600EF19ED /* Assets.xcassets in Resources */,
				DDF8191D2AAB454C00F1CD2D /* SF-Pro-Display-Medium.otf in Resources */,
			);
			runOnlyForDeploymentPostprocessing = 0;
		};
/* End PBXResourcesBuildPhase section */

/* Begin PBXSourcesBuildPhase section */
		DDC6E0642AA851F400EF19ED /* Sources */ = {
			isa = PBXSourcesBuildPhase;
			buildActionMask = 2147483647;
			files = (
				DDC6E0882AA86C4600EF19ED /* BookingView.swift in Sources */,
				DDC6E0862AA86C2900EF19ED /* HotelRoomView.swift in Sources */,
				DD79F0EC2AAB7B6A003B03F5 /* BasicInformationViewModel.swift in Sources */,
				DDF819162AAB3B7400F1CD2D /* ImageCharacter.swift in Sources */,
				DDF819252AAB5B6700F1CD2D /* HotelRoomCell.swift in Sources */,
				DDF819122AAB2F7100F1CD2D /* TagListViewModel.swift in Sources */,
				DDC6E0A72AA9B9AB00EF19ED /* Hotel.swift in Sources */,
				DDF8190E2AAB118900F1CD2D /* TagCell.swift in Sources */,
				DD79F0EA2AAB7ADF003B03F5 /* BasicInformation.swift in Sources */,
				DDC6E0842AA86A0F00EF19ED /* MainView.swift in Sources */,
				DDC6E08A2AA86CAD00EF19ED /* PaidView.swift in Sources */,
				DDC6E09A2AA9B36D00EF19ED /* ActivityIndicatorViewModel.swift in Sources */,
				DD79F0E82AAB78B1003B03F5 /* BookingViewModel.swift in Sources */,
				DDF8190C2AAB0EC200F1CD2D /* TagList.swift in Sources */,
				DDF8192D2AAB696E00F1CD2D /* ButtonGoToViewModel.swift in Sources */,
				DDF819142AAB38AA00F1CD2D /* TagCellViewModel.swift in Sources */,
				DDF8192B2AAB686200F1CD2D /* ButtonGoTo.swift in Sources */,
				DDC6E06C2AA851F400EF19ED /* HotelDemoApp.swift in Sources */,
				DDC6E0822AA869B900EF19ED /* HotelView.swift in Sources */,
				DDC6E0962AA9B30D00EF19ED /* ActivityIndicator.swift in Sources */,
				DDF819232AAB574E00F1CD2D /* Rooms.swift in Sources */,
				DDC6E0A42AA9B83600EF19ED /* URLManager.swift in Sources */,
				DDF819182AAB3C2200F1CD2D /* ImageCharacterViewModel.swift in Sources */,
				DDF819212AAB4BA900F1CD2D /* HotelRoomViewModel.swift in Sources */,
				DDC6E0802AA8674000EF19ED /* MyPage.swift in Sources */,
				DDC6E0942AA9AD4D00EF19ED /* View+buttonBack.swift in Sources */,
				DDF819272AAB5B7F00F1CD2D /* HotelRoomCellViewModel.swift in Sources */,
				DD56D01D2AAA589500854F58 /* Detailed.swift in Sources */,
				DDF819102AAB125C00F1CD2D /* String+widthOfString.swift in Sources */,
				DDC6E0A02AA9B6E200EF19ED /* NetworkError.swift in Sources */,
				DDC6E07E2AA866C800EF19ED /* Coordinator.swift in Sources */,
				DD79F0E62AAB7600003B03F5 /* BackgroundElement.swift in Sources */,
				DDC6E0A22AA9B79800EF19ED /* NetworkServiceAA.swift in Sources */,
				DDC6E09C2AA9B40100EF19ED /* HotelViewModel.swift in Sources */,
				DDF8191F2AAB4A6500F1CD2D /* Room.swift in Sources */,
			);
			runOnlyForDeploymentPostprocessing = 0;
		};
/* End PBXSourcesBuildPhase section */

/* Begin XCBuildConfiguration section */
		DDC6E0742AA851F600EF19ED /* Debug */ = {
			isa = XCBuildConfiguration;
			buildSettings = {
				ALWAYS_SEARCH_USER_PATHS = NO;
				CLANG_ANALYZER_NONNULL = YES;
				CLANG_ANALYZER_NUMBER_OBJECT_CONVERSION = YES_AGGRESSIVE;
				CLANG_CXX_LANGUAGE_STANDARD = "gnu++20";
				CLANG_ENABLE_MODULES = YES;
				CLANG_ENABLE_OBJC_ARC = YES;
				CLANG_ENABLE_OBJC_WEAK = YES;
				CLANG_WARN_BLOCK_CAPTURE_AUTORELEASING = YES;
				CLANG_WARN_BOOL_CONVERSION = YES;
				CLANG_WARN_COMMA = YES;
				CLANG_WARN_CONSTANT_CONVERSION = YES;
				CLANG_WARN_DEPRECATED_OBJC_IMPLEMENTATIONS = YES;
				CLANG_WARN_DIRECT_OBJC_ISA_USAGE = YES_ERROR;
				CLANG_WARN_DOCUMENTATION_COMMENTS = YES;
				CLANG_WARN_EMPTY_BODY = YES;
				CLANG_WARN_ENUM_CONVERSION = YES;
				CLANG_WARN_INFINITE_RECURSION = YES;
				CLANG_WARN_INT_CONVERSION = YES;
				CLANG_WARN_NON_LITERAL_NULL_CONVERSION = YES;
				CLANG_WARN_OBJC_IMPLICIT_RETAIN_SELF = YES;
				CLANG_WARN_OBJC_LITERAL_CONVERSION = YES;
				CLANG_WARN_OBJC_ROOT_CLASS = YES_ERROR;
				CLANG_WARN_QUOTED_INCLUDE_IN_FRAMEWORK_HEADER = YES;
				CLANG_WARN_RANGE_LOOP_ANALYSIS = YES;
				CLANG_WARN_STRICT_PROTOTYPES = YES;
				CLANG_WARN_SUSPICIOUS_MOVE = YES;
				CLANG_WARN_UNGUARDED_AVAILABILITY = YES_AGGRESSIVE;
				CLANG_WARN_UNREACHABLE_CODE = YES;
				CLANG_WARN__DUPLICATE_METHOD_MATCH = YES;
				COPY_PHASE_STRIP = NO;
				DEBUG_INFORMATION_FORMAT = dwarf;
				ENABLE_STRICT_OBJC_MSGSEND = YES;
				ENABLE_TESTABILITY = YES;
				GCC_C_LANGUAGE_STANDARD = gnu11;
				GCC_DYNAMIC_NO_PIC = NO;
				GCC_NO_COMMON_BLOCKS = YES;
				GCC_OPTIMIZATION_LEVEL = 0;
				GCC_PREPROCESSOR_DEFINITIONS = (
					"DEBUG=1",
					"$(inherited)",
				);
				GCC_WARN_64_TO_32_BIT_CONVERSION = YES;
				GCC_WARN_ABOUT_RETURN_TYPE = YES_ERROR;
				GCC_WARN_UNDECLARED_SELECTOR = YES;
				GCC_WARN_UNINITIALIZED_AUTOS = YES_AGGRESSIVE;
				GCC_WARN_UNUSED_FUNCTION = YES;
				GCC_WARN_UNUSED_VARIABLE = YES;
				IPHONEOS_DEPLOYMENT_TARGET = 16.4;
				MTL_ENABLE_DEBUG_INFO = INCLUDE_SOURCE;
				MTL_FAST_MATH = YES;
				ONLY_ACTIVE_ARCH = YES;
				SDKROOT = iphoneos;
				SWIFT_ACTIVE_COMPILATION_CONDITIONS = DEBUG;
				SWIFT_OPTIMIZATION_LEVEL = "-Onone";
			};
			name = Debug;
		};
		DDC6E0752AA851F600EF19ED /* Release */ = {
			isa = XCBuildConfiguration;
			buildSettings = {
				ALWAYS_SEARCH_USER_PATHS = NO;
				CLANG_ANALYZER_NONNULL = YES;
				CLANG_ANALYZER_NUMBER_OBJECT_CONVERSION = YES_AGGRESSIVE;
				CLANG_CXX_LANGUAGE_STANDARD = "gnu++20";
				CLANG_ENABLE_MODULES = YES;
				CLANG_ENABLE_OBJC_ARC = YES;
				CLANG_ENABLE_OBJC_WEAK = YES;
				CLANG_WARN_BLOCK_CAPTURE_AUTORELEASING = YES;
				CLANG_WARN_BOOL_CONVERSION = YES;
				CLANG_WARN_COMMA = YES;
				CLANG_WARN_CONSTANT_CONVERSION = YES;
				CLANG_WARN_DEPRECATED_OBJC_IMPLEMENTATIONS = YES;
				CLANG_WARN_DIRECT_OBJC_ISA_USAGE = YES_ERROR;
				CLANG_WARN_DOCUMENTATION_COMMENTS = YES;
				CLANG_WARN_EMPTY_BODY = YES;
				CLANG_WARN_ENUM_CONVERSION = YES;
				CLANG_WARN_INFINITE_RECURSION = YES;
				CLANG_WARN_INT_CONVERSION = YES;
				CLANG_WARN_NON_LITERAL_NULL_CONVERSION = YES;
				CLANG_WARN_OBJC_IMPLICIT_RETAIN_SELF = YES;
				CLANG_WARN_OBJC_LITERAL_CONVERSION = YES;
				CLANG_WARN_OBJC_ROOT_CLASS = YES_ERROR;
				CLANG_WARN_QUOTED_INCLUDE_IN_FRAMEWORK_HEADER = YES;
				CLANG_WARN_RANGE_LOOP_ANALYSIS = YES;
				CLANG_WARN_STRICT_PROTOTYPES = YES;
				CLANG_WARN_SUSPICIOUS_MOVE = YES;
				CLANG_WARN_UNGUARDED_AVAILABILITY = YES_AGGRESSIVE;
				CLANG_WARN_UNREACHABLE_CODE = YES;
				CLANG_WARN__DUPLICATE_METHOD_MATCH = YES;
				COPY_PHASE_STRIP = NO;
				DEBUG_INFORMATION_FORMAT = "dwarf-with-dsym";
				ENABLE_NS_ASSERTIONS = NO;
				ENABLE_STRICT_OBJC_MSGSEND = YES;
				GCC_C_LANGUAGE_STANDARD = gnu11;
				GCC_NO_COMMON_BLOCKS = YES;
				GCC_WARN_64_TO_32_BIT_CONVERSION = YES;
				GCC_WARN_ABOUT_RETURN_TYPE = YES_ERROR;
				GCC_WARN_UNDECLARED_SELECTOR = YES;
				GCC_WARN_UNINITIALIZED_AUTOS = YES_AGGRESSIVE;
				GCC_WARN_UNUSED_FUNCTION = YES;
				GCC_WARN_UNUSED_VARIABLE = YES;
				IPHONEOS_DEPLOYMENT_TARGET = 16.4;
				MTL_ENABLE_DEBUG_INFO = NO;
				MTL_FAST_MATH = YES;
				SDKROOT = iphoneos;
				SWIFT_COMPILATION_MODE = wholemodule;
				SWIFT_OPTIMIZATION_LEVEL = "-O";
				VALIDATE_PRODUCT = YES;
			};
			name = Release;
		};
		DDC6E0772AA851F600EF19ED /* Debug */ = {
			isa = XCBuildConfiguration;
			buildSettings = {
				ASSETCATALOG_COMPILER_APPICON_NAME = AppIcon;
				ASSETCATALOG_COMPILER_GLOBAL_ACCENT_COLOR_NAME = AccentColor;
				CODE_SIGN_STYLE = Automatic;
				CURRENT_PROJECT_VERSION = 1;
				DEVELOPMENT_ASSET_PATHS = "\"HotelDemo/Preview Content\"";
				DEVELOPMENT_TEAM = 62VLSN5H88;
				ENABLE_PREVIEWS = YES;
				GENERATE_INFOPLIST_FILE = YES;
				INFOPLIST_FILE = "HotelDemo/Supporting files/Info.plist";
				INFOPLIST_KEY_UIApplicationSceneManifest_Generation = YES;
				INFOPLIST_KEY_UIApplicationSupportsIndirectInputEvents = YES;
				INFOPLIST_KEY_UILaunchScreen_Generation = YES;
				INFOPLIST_KEY_UISupportedInterfaceOrientations = UIInterfaceOrientationPortrait;
				INFOPLIST_KEY_UISupportedInterfaceOrientations_iPad = "UIInterfaceOrientationLandscapeLeft UIInterfaceOrientationLandscapeRight UIInterfaceOrientationPortrait UIInterfaceOrientationPortraitUpsideDown";
				LD_RUNPATH_SEARCH_PATHS = (
					"$(inherited)",
					"@executable_path/Frameworks",
				);
				MARKETING_VERSION = 1.0;
				PRODUCT_BUNDLE_IDENTIFIER = ru.deshab.HotelDemo;
				PRODUCT_NAME = "$(TARGET_NAME)";
				SUPPORTED_PLATFORMS = "iphoneos iphonesimulator";
				SUPPORTS_MACCATALYST = NO;
				SUPPORTS_MAC_DESIGNED_FOR_IPHONE_IPAD = NO;
				SWIFT_EMIT_LOC_STRINGS = YES;
				SWIFT_VERSION = 5.0;
				TARGETED_DEVICE_FAMILY = 1;
			};
			name = Debug;
		};
		DDC6E0782AA851F600EF19ED /* Release */ = {
			isa = XCBuildConfiguration;
			buildSettings = {
				ASSETCATALOG_COMPILER_APPICON_NAME = AppIcon;
				ASSETCATALOG_COMPILER_GLOBAL_ACCENT_COLOR_NAME = AccentColor;
				CODE_SIGN_STYLE = Automatic;
				CURRENT_PROJECT_VERSION = 1;
				DEVELOPMENT_ASSET_PATHS = "\"HotelDemo/Preview Content\"";
				DEVELOPMENT_TEAM = 62VLSN5H88;
				ENABLE_PREVIEWS = YES;
				GENERATE_INFOPLIST_FILE = YES;
				INFOPLIST_FILE = "HotelDemo/Supporting files/Info.plist";
				INFOPLIST_KEY_UIApplicationSceneManifest_Generation = YES;
				INFOPLIST_KEY_UIApplicationSupportsIndirectInputEvents = YES;
				INFOPLIST_KEY_UILaunchScreen_Generation = YES;
				INFOPLIST_KEY_UISupportedInterfaceOrientations = UIInterfaceOrientationPortrait;
				INFOPLIST_KEY_UISupportedInterfaceOrientations_iPad = "UIInterfaceOrientationLandscapeLeft UIInterfaceOrientationLandscapeRight UIInterfaceOrientationPortrait UIInterfaceOrientationPortraitUpsideDown";
				LD_RUNPATH_SEARCH_PATHS = (
					"$(inherited)",
					"@executable_path/Frameworks",
				);
				MARKETING_VERSION = 1.0;
				PRODUCT_BUNDLE_IDENTIFIER = ru.deshab.HotelDemo;
				PRODUCT_NAME = "$(TARGET_NAME)";
				SUPPORTED_PLATFORMS = "iphoneos iphonesimulator";
				SUPPORTS_MACCATALYST = NO;
				SUPPORTS_MAC_DESIGNED_FOR_IPHONE_IPAD = NO;
				SWIFT_EMIT_LOC_STRINGS = YES;
				SWIFT_VERSION = 5.0;
				TARGETED_DEVICE_FAMILY = 1;
			};
			name = Release;
		};
/* End XCBuildConfiguration section */

/* Begin XCConfigurationList section */
		DDC6E0632AA851F400EF19ED /* Build configuration list for PBXProject "HotelDemo" */ = {
			isa = XCConfigurationList;
			buildConfigurations = (
				DDC6E0742AA851F600EF19ED /* Debug */,
				DDC6E0752AA851F600EF19ED /* Release */,
			);
			defaultConfigurationIsVisible = 0;
			defaultConfigurationName = Release;
		};
		DDC6E0762AA851F600EF19ED /* Build configuration list for PBXNativeTarget "HotelDemo" */ = {
			isa = XCConfigurationList;
			buildConfigurations = (
				DDC6E0772AA851F600EF19ED /* Debug */,
				DDC6E0782AA851F600EF19ED /* Release */,
			);
			defaultConfigurationIsVisible = 0;
			defaultConfigurationName = Release;
		};
/* End XCConfigurationList section */
	};
	rootObject = DDC6E0602AA851F400EF19ED /* Project object */;
}
